
Microsoft Visual Studio Solution File, Format Version 12.00
# Visual Studio Version 16
VisualStudioVersion = 16.0.31729.503
MinimumVisualStudioVersion = 10.0.40219.1
Project("{2150E333-8FDC-42A3-9474-1A3956D46DE8}") = "Services", "Services", "{B24F0FE0-15F1-440D-9089-B10B8E568784}"
EndProject
Project("{2150E333-8FDC-42A3-9474-1A3956D46DE8}") = "Catalog", "Catalog", "{FCF6269C-08DD-498C-949D-5E3415F4CB9E}"
EndProject
Project("{9A19103F-16F7-4668-BE54-9A1E7A4F7556}") = "Catalog.API", "Services\Catalog\Catalog.API\Catalog.API.csproj", "{1DDD76B9-B9C1-497D-BF3B-F1BEDFCFB9DE}"
EndProject
Project("{E53339B2-1760-4266-BCC7-CA923CBCF16C}") = "docker-compose", "docker-compose.dcproj", "{5FDA7060-327F-427F-8641-BA7CF3F3C030}"
EndProject
Project("{2150E333-8FDC-42A3-9474-1A3956D46DE8}") = "Basket", "Basket", "{22EDD556-D01D-4D5D-81FA-734EE8E1BAF1}"
EndProject
Project("{9A19103F-16F7-4668-BE54-9A1E7A4F7556}") = "Basket.API", "Services\Basket\Basket.API\Basket.API.csproj", "{53D20E7A-BFF2-4A63-A941-57EC6F09E078}"
EndProject
Project("{2150E333-8FDC-42A3-9474-1A3956D46DE8}") = "Discount", "Discount", "{3A0F51CF-DD89-4706-90D0-872C3CE2ED54}"
EndProject
Project("{9A19103F-16F7-4668-BE54-9A1E7A4F7556}") = "Discount.API", "Services\Discount\Discount.API\Discount.API.csproj", "{922E69DF-6B9D-4C32-900D-9C10C784578D}"
EndProject
Project("{9A19103F-16F7-4668-BE54-9A1E7A4F7556}") = "Discount.Grpc", "Services\Discount\Discount.Grpc\Discount.Grpc.csproj", "{E47171DB-A5D8-41CD-9211-34D6924178B1}"
EndProject
Project("{2150E333-8FDC-42A3-9474-1A3956D46DE8}") = "Ordering", "Ordering", "{C0517B62-1C61-45F1-8E07-4BFFBCF58808}"
EndProject
Project("{9A19103F-16F7-4668-BE54-9A1E7A4F7556}") = "Ordering.API", "Services\Ordering\Ordering.API\Ordering.API.csproj", "{FCF1C001-C849-4771-B27A-AF007A6BAFBA}"
EndProject
Project("{9A19103F-16F7-4668-BE54-9A1E7A4F7556}") = "Ordering.Domain", "Services\Ordering\Ordering.Domain\Ordering.Domain.csproj", "{0EF451EF-D8DB-444C-9CFB-A91C6EC084C8}"
EndProject
Project("{9A19103F-16F7-4668-BE54-9A1E7A4F7556}") = "Ordering.Application", "Services\Ordering\Ordering.Application\Ordering.Application.csproj", "{BE3B7E8A-6D99-46CE-B15E-1E3672EE0AF8}"
EndProject
Project("{9A19103F-16F7-4668-BE54-9A1E7A4F7556}") = "Ordering.Infrastrcture", "Services\Ordering\Ordering.Infrastrcture\Ordering.Infrastrcture.csproj", "{4B401932-6811-4938-9960-E8372139B8D5}"
EndProject
Project("{2150E333-8FDC-42A3-9474-1A3956D46DE8}") = "BuildingBlocks", "BuildingBlocks", "{76955F8A-9945-469E-8CFB-1E1BC25C6E3C}"
EndProject
Project("{9A19103F-16F7-4668-BE54-9A1E7A4F7556}") = "EventBus.Messages", "BuildingBlocks\EventBus.Messages\EventBus.Messages.csproj", "{7581E3F3-9308-4CE0-9687-E99C826AECCA}"
EndProject
Project("{2150E333-8FDC-42A3-9474-1A3956D46DE8}") = "API Gateways", "API Gateways", "{865E7B36-682E-4231-86D5-0B42039ED8DC}"
EndProject
Project("{9A19103F-16F7-4668-BE54-9A1E7A4F7556}") = "OcelotAPIGateway", "API Gateways\OcelotAPIGateway\OcelotAPIGateway.csproj", "{2C3E385E-5EC2-4AF9-BA10-CBD6AD4E681C}"
EndProject
Project("{9A19103F-16F7-4668-BE54-9A1E7A4F7556}") = "Shopping.Aggregator", "API Gateways\Shopping.Aggregator\Shopping.Aggregator.csproj", "{8EE138AB-B076-4FCC-BA4D-DDB62949FBB2}"
EndProject
Project("{2150E333-8FDC-42A3-9474-1A3956D46DE8}") = "WebApps", "WebApps", "{EF64D329-D040-4172-A97E-BD066E2646EB}"
EndProject
Project("{9A19103F-16F7-4668-BE54-9A1E7A4F7556}") = "AspnetRunBasics", "WebApps\AspnetRunBasics\AspnetRunBasics.csproj", "{60C10891-F140-46B3-BA85-68045A981042}"
EndProject
Global
	GlobalSection(SolutionConfigurationPlatforms) = preSolution
		Debug|Any CPU = Debug|Any CPU
		Release|Any CPU = Release|Any CPU
	EndGlobalSection
	GlobalSection(ProjectConfigurationPlatforms) = postSolution
		{1DDD76B9-B9C1-497D-BF3B-F1BEDFCFB9DE}.Debug|Any CPU.ActiveCfg = Debug|Any CPU
		{1DDD76B9-B9C1-497D-BF3B-F1BEDFCFB9DE}.Debug|Any CPU.Build.0 = Debug|Any CPU
		{1DDD76B9-B9C1-497D-BF3B-F1BEDFCFB9DE}.Release|Any CPU.ActiveCfg = Release|Any CPU
		{1DDD76B9-B9C1-497D-BF3B-F1BEDFCFB9DE}.Release|Any CPU.Build.0 = Release|Any CPU
		{5FDA7060-327F-427F-8641-BA7CF3F3C030}.Debug|Any CPU.ActiveCfg = Debug|Any CPU
		{5FDA7060-327F-427F-8641-BA7CF3F3C030}.Debug|Any CPU.Build.0 = Debug|Any CPU
		{5FDA7060-327F-427F-8641-BA7CF3F3C030}.Release|Any CPU.ActiveCfg = Release|Any CPU
		{5FDA7060-327F-427F-8641-BA7CF3F3C030}.Release|Any CPU.Build.0 = Release|Any CPU
		{53D20E7A-BFF2-4A63-A941-57EC6F09E078}.Debug|Any CPU.ActiveCfg = Debug|Any CPU
		{53D20E7A-BFF2-4A63-A941-57EC6F09E078}.Debug|Any CPU.Build.0 = Debug|Any CPU
		{53D20E7A-BFF2-4A63-A941-57EC6F09E078}.Release|Any CPU.ActiveCfg = Release|Any CPU
		{53D20E7A-BFF2-4A63-A941-57EC6F09E078}.Release|Any CPU.Build.0 = Release|Any CPU
		{922E69DF-6B9D-4C32-900D-9C10C784578D}.Debug|Any CPU.ActiveCfg = Debug|Any CPU
		{922E69DF-6B9D-4C32-900D-9C10C784578D}.Debug|Any CPU.Build.0 = Debug|Any CPU
		{922E69DF-6B9D-4C32-900D-9C10C784578D}.Release|Any CPU.ActiveCfg = Release|Any CPU
		{922E69DF-6B9D-4C32-900D-9C10C784578D}.Release|Any CPU.Build.0 = Release|Any CPU
		{E47171DB-A5D8-41CD-9211-34D6924178B1}.Debug|Any CPU.ActiveCfg = Debug|Any CPU
		{E47171DB-A5D8-41CD-9211-34D6924178B1}.Debug|Any CPU.Build.0 = Debug|Any CPU
		{E47171DB-A5D8-41CD-9211-34D6924178B1}.Release|Any CPU.ActiveCfg = Release|Any CPU
		{E47171DB-A5D8-41CD-9211-34D6924178B1}.Release|Any CPU.Build.0 = Release|Any CPU
		{FCF1C001-C849-4771-B27A-AF007A6BAFBA}.Debug|Any CPU.ActiveCfg = Debug|Any CPU
		{FCF1C001-C849-4771-B27A-AF007A6BAFBA}.Debug|Any CPU.Build.0 = Debug|Any CPU
		{FCF1C001-C849-4771-B27A-AF007A6BAFBA}.Release|Any CPU.ActiveCfg = Release|Any CPU
		{FCF1C001-C849-4771-B27A-AF007A6BAFBA}.Release|Any CPU.Build.0 = Release|Any CPU
		{0EF451EF-D8DB-444C-9CFB-A91C6EC084C8}.Debug|Any CPU.ActiveCfg = Debug|Any CPU
		{0EF451EF-D8DB-444C-9CFB-A91C6EC084C8}.Debug|Any CPU.Build.0 = Debug|Any CPU
		{0EF451EF-D8DB-444C-9CFB-A91C6EC084C8}.Release|Any CPU.ActiveCfg = Release|Any CPU
		{0EF451EF-D8DB-444C-9CFB-A91C6EC084C8}.Release|Any CPU.Build.0 = Release|Any CPU
		{BE3B7E8A-6D99-46CE-B15E-1E3672EE0AF8}.Debug|Any CPU.ActiveCfg = Debug|Any CPU
		{BE3B7E8A-6D99-46CE-B15E-1E3672EE0AF8}.Debug|Any CPU.Build.0 = Debug|Any CPU
		{BE3B7E8A-6D99-46CE-B15E-1E3672EE0AF8}.Release|Any CPU.ActiveCfg = Release|Any CPU
		{BE3B7E8A-6D99-46CE-B15E-1E3672EE0AF8}.Release|Any CPU.Build.0 = Release|Any CPU
		{4B401932-6811-4938-9960-E8372139B8D5}.Debug|Any CPU.ActiveCfg = Debug|Any CPU
		{4B401932-6811-4938-9960-E8372139B8D5}.Debug|Any CPU.Build.0 = Debug|Any CPU
		{4B401932-6811-4938-9960-E8372139B8D5}.Release|Any CPU.ActiveCfg = Release|Any CPU
		{4B401932-6811-4938-9960-E8372139B8D5}.Release|Any CPU.Build.0 = Release|Any CPU
		{7581E3F3-9308-4CE0-9687-E99C826AECCA}.Debug|Any CPU.ActiveCfg = Debug|Any CPU
		{7581E3F3-9308-4CE0-9687-E99C826AECCA}.Debug|Any CPU.Build.0 = Debug|Any CPU
		{7581E3F3-9308-4CE0-9687-E99C826AECCA}.Release|Any CPU.ActiveCfg = Release|Any CPU
		{7581E3F3-9308-4CE0-9687-E99C826AECCA}.Release|Any CPU.Build.0 = Release|Any CPU
		{2C3E385E-5EC2-4AF9-BA10-CBD6AD4E681C}.Debug|Any CPU.ActiveCfg = Debug|Any CPU
		{2C3E385E-5EC2-4AF9-BA10-CBD6AD4E681C}.Debug|Any CPU.Build.0 = Debug|Any CPU
		{2C3E385E-5EC2-4AF9-BA10-CBD6AD4E681C}.Release|Any CPU.ActiveCfg = Release|Any CPU
		{2C3E385E-5EC2-4AF9-BA10-CBD6AD4E681C}.Release|Any CPU.Build.0 = Release|Any CPU
		{8EE138AB-B076-4FCC-BA4D-DDB62949FBB2}.Debug|Any CPU.ActiveCfg = Debug|Any CPU
		{8EE138AB-B076-4FCC-BA4D-DDB62949FBB2}.Debug|Any CPU.Build.0 = Debug|Any CPU
		{8EE138AB-B076-4FCC-BA4D-DDB62949FBB2}.Release|Any CPU.ActiveCfg = Release|Any CPU
		{8EE138AB-B076-4FCC-BA4D-DDB62949FBB2}.Release|Any CPU.Build.0 = Release|Any CPU
		{60C10891-F140-46B3-BA85-68045A981042}.Debug|Any CPU.ActiveCfg = Debug|Any CPU
		{60C10891-F140-46B3-BA85-68045A981042}.Debug|Any CPU.Build.0 = Debug|Any CPU
		{60C10891-F140-46B3-BA85-68045A981042}.Release|Any CPU.ActiveCfg = Release|Any CPU
		{60C10891-F140-46B3-BA85-68045A981042}.Release|Any CPU.Build.0 = Release|Any CPU
	EndGlobalSection
	GlobalSection(SolutionProperties) = preSolution
		HideSolutionNode = FALSE
	EndGlobalSection
	GlobalSection(NestedProjects) = preSolution
		{FCF6269C-08DD-498C-949D-5E3415F4CB9E} = {B24F0FE0-15F1-440D-9089-B10B8E568784}
		{1DDD76B9-B9C1-497D-BF3B-F1BEDFCFB9DE} = {FCF6269C-08DD-498C-949D-5E3415F4CB9E}
		{22EDD556-D01D-4D5D-81FA-734EE8E1BAF1} = {B24F0FE0-15F1-440D-9089-B10B8E568784}
		{53D20E7A-BFF2-4A63-A941-57EC6F09E078} = {22EDD556-D01D-4D5D-81FA-734EE8E1BAF1}
		{3A0F51CF-DD89-4706-90D0-872C3CE2ED54} = {B24F0FE0-15F1-440D-9089-B10B8E568784}
		{922E69DF-6B9D-4C32-900D-9C10C784578D} = {3A0F51CF-DD89-4706-90D0-872C3CE2ED54}
		{E47171DB-A5D8-41CD-9211-34D6924178B1} = {3A0F51CF-DD89-4706-90D0-872C3CE2ED54}
		{C0517B62-1C61-45F1-8E07-4BFFBCF58808} = {B24F0FE0-15F1-440D-9089-B10B8E568784}
		{FCF1C001-C849-4771-B27A-AF007A6BAFBA} = {C0517B62-1C61-45F1-8E07-4BFFBCF58808}
		{0EF451EF-D8DB-444C-9CFB-A91C6EC084C8} = {C0517B62-1C61-45F1-8E07-4BFFBCF58808}
		{BE3B7E8A-6D99-46CE-B15E-1E3672EE0AF8} = {C0517B62-1C61-45F1-8E07-4BFFBCF58808}
		{4B401932-6811-4938-9960-E8372139B8D5} = {C0517B62-1C61-45F1-8E07-4BFFBCF58808}
		{7581E3F3-9308-4CE0-9687-E99C826AECCA} = {76955F8A-9945-469E-8CFB-1E1BC25C6E3C}
		{2C3E385E-5EC2-4AF9-BA10-CBD6AD4E681C} = {865E7B36-682E-4231-86D5-0B42039ED8DC}
		{8EE138AB-B076-4FCC-BA4D-DDB62949FBB2} = {865E7B36-682E-4231-86D5-0B42039ED8DC}
		{60C10891-F140-46B3-BA85-68045A981042} = {EF64D329-D040-4172-A97E-BD066E2646EB}
	EndGlobalSection
	GlobalSection(ExtensibilityGlobals) = postSolution
		SolutionGuid = {AD684A8F-8B5A-4866-BD84-8A31ECF3B0E9}
	EndGlobalSection
EndGlobal
